<?xml version="1.0" encoding="utf-8"?>
<Project ToolsVersion="4.0" xmlns="http://schemas.microsoft.com/developer/msbuild/2003">
  <ItemGroup>
    <Filter Include="source">
      <UniqueIdentifier>{1af9477a-7d5d-40e9-961c-db4bbb105bd2}</UniqueIdentifier>
    </Filter>
    <Filter Include="include">
      <UniqueIdentifier>{b0e8508e-6b64-4ce2-a2a6-56bb2252ece6}</UniqueIdentifier>
    </Filter>
  </ItemGroup>
  <ItemGroup>
    <ClCompile Include="source\Camera.cpp">
      <Filter>source</Filter>
    </ClCompile>
    <ClCompile Include="source\Main.cpp">
      <Filter>source</Filter>
    </ClCompile>
    <ClCompile Include="source\MemoryMapped.cpp">
      <Filter>source</Filter>
    </ClCompile>
    <ClCompile Include="source\MeshLoader.cpp">
      <Filter>source</Filter>
    </ClCompile>
    <ClCompile Include="source\MeshViewApp.cpp">
      <Filter>source</Filter>
    </ClCompile>
  </ItemGroup>
  <ItemGroup>
    <None Include="source\fshader.glsl">
      <Filter>source</Filter>
    </None>
    <None Include="source\vshader.glsl">
      <Filter>source</Filter>
    </None>
  </ItemGroup>
  <ItemGroup>
    <ClInclude Include="include\Camera.h">
      <Filter>include</Filter>
    </ClInclude>
    <ClInclude Include="include\Materials.h">
      <Filter>include</Filter>
    </ClInclude>
    <ClInclude Include="include\MemoryMapped.h">
      <Filter>include</Filter>
    </ClInclude>
    <ClInclude Include="include\MeshLoader.h">
      <Filter>include</Filter>
    </ClInclude>
    <ClInclude Include="include\MeshViewApp.h">
      <Filter>include</Filter>
    </ClInclude>
  </ItemGroup>
</Project>